// !$*UTF8*$!
{
	archiveVersion = 1;
	classes = {
	};
	objectVersion = 46;
	objects = {

/* Begin PBXBuildFile section */
		03FECB361BCF43FC004A99CB /* Bond.framework in Frameworks */ = {isa = PBXBuildFile; fileRef = 03FECB351BCF43FC004A99CB /* Bond.framework */; };
		6F8B4F501ADE91AB00884FF7 /* AppDelegate.swift in Sources */ = {isa = PBXBuildFile; fileRef = 6F8B4F4F1ADE91AB00884FF7 /* AppDelegate.swift */; };
		6F8B4F521ADE91AB00884FF7 /* ViewController.swift in Sources */ = {isa = PBXBuildFile; fileRef = 6F8B4F511ADE91AB00884FF7 /* ViewController.swift */; };
		6F8B4F551ADE91AB00884FF7 /* Main.storyboard in Resources */ = {isa = PBXBuildFile; fileRef = 6F8B4F531ADE91AB00884FF7 /* Main.storyboard */; };
		6F8B4F571ADE91AB00884FF7 /* Images.xcassets in Resources */ = {isa = PBXBuildFile; fileRef = 6F8B4F561ADE91AB00884FF7 /* Images.xcassets */; };
		6F8B4F5A1ADE91AB00884FF7 /* LaunchScreen.xib in Resources */ = {isa = PBXBuildFile; fileRef = 6F8B4F581ADE91AB00884FF7 /* LaunchScreen.xib */; };
		6F8B4F661ADE91AB00884FF7 /* VentureDemoTests.swift in Sources */ = {isa = PBXBuildFile; fileRef = 6F8B4F651ADE91AB00884FF7 /* VentureDemoTests.swift */; };
		6F8B4F701ADE91DC00884FF7 /* Venture.framework in Frameworks */ = {isa = PBXBuildFile; fileRef = 6F8B4F6F1ADE91DC00884FF7 /* Venture.framework */; };
		6F8B4F921ADFEEDD00884FF7 /* GameViewController.swift in Sources */ = {isa = PBXBuildFile; fileRef = 6F8B4F911ADFEEDD00884FF7 /* GameViewController.swift */; };
/* End PBXBuildFile section */

/* Begin PBXContainerItemProxy section */
		6F8B4F601ADE91AB00884FF7 /* PBXContainerItemProxy */ = {
			isa = PBXContainerItemProxy;
			containerPortal = 6F8B4F421ADE91AB00884FF7 /* Project object */;
			proxyType = 1;
			remoteGlobalIDString = 6F8B4F491ADE91AB00884FF7;
			remoteInfo = VentureDemo;
		};
/* End PBXContainerItemProxy section */

/* Begin PBXFileReference section */
		03FECB351BCF43FC004A99CB /* Bond.framework */ = {isa = PBXFileReference; lastKnownFileType = wrapper.framework; name = Bond.framework; path = ../Carthage/Build/iOS/Bond.framework; sourceTree = "<group>"; };
		6F8B4F4A1ADE91AB00884FF7 /* VentureDemo.app */ = {isa = PBXFileReference; explicitFileType = wrapper.application; includeInIndex = 0; path = VentureDemo.app; sourceTree = BUILT_PRODUCTS_DIR; };
		6F8B4F4E1ADE91AB00884FF7 /* Info.plist */ = {isa = PBXFileReference; lastKnownFileType = text.plist.xml; path = Info.plist; sourceTree = "<group>"; };
		6F8B4F4F1ADE91AB00884FF7 /* AppDelegate.swift */ = {isa = PBXFileReference; lastKnownFileType = sourcecode.swift; path = AppDelegate.swift; sourceTree = "<group>"; };
		6F8B4F511ADE91AB00884FF7 /* ViewController.swift */ = {isa = PBXFileReference; lastKnownFileType = sourcecode.swift; path = ViewController.swift; sourceTree = "<group>"; };
		6F8B4F541ADE91AB00884FF7 /* Base */ = {isa = PBXFileReference; lastKnownFileType = file.storyboard; name = Base; path = Base.lproj/Main.storyboard; sourceTree = "<group>"; };
		6F8B4F561ADE91AB00884FF7 /* Images.xcassets */ = {isa = PBXFileReference; lastKnownFileType = folder.assetcatalog; path = Images.xcassets; sourceTree = "<group>"; };
		6F8B4F591ADE91AB00884FF7 /* Base */ = {isa = PBXFileReference; lastKnownFileType = file.xib; name = Base; path = Base.lproj/LaunchScreen.xib; sourceTree = "<group>"; };
		6F8B4F5F1ADE91AB00884FF7 /* VentureDemoTests.xctest */ = {isa = PBXFileReference; explicitFileType = wrapper.cfbundle; includeInIndex = 0; path = VentureDemoTests.xctest; sourceTree = BUILT_PRODUCTS_DIR; };
		6F8B4F641ADE91AB00884FF7 /* Info.plist */ = {isa = PBXFileReference; lastKnownFileType = text.plist.xml; path = Info.plist; sourceTree = "<group>"; };
		6F8B4F651ADE91AB00884FF7 /* VentureDemoTests.swift */ = {isa = PBXFileReference; lastKnownFileType = sourcecode.swift; path = VentureDemoTests.swift; sourceTree = "<group>"; };
		6F8B4F6F1ADE91DC00884FF7 /* Venture.framework */ = {isa = PBXFileReference; lastKnownFileType = wrapper.framework; name = Venture.framework; path = "../Venture/build/Debug-iphoneos/Venture.framework"; sourceTree = "<group>"; };
		6F8B4F911ADFEEDD00884FF7 /* GameViewController.swift */ = {isa = PBXFileReference; fileEncoding = 4; lastKnownFileType = sourcecode.swift; path = GameViewController.swift; sourceTree = "<group>"; };
/* End PBXFileReference section */

/* Begin PBXFrameworksBuildPhase section */
		6F8B4F471ADE91AB00884FF7 /* Frameworks */ = {
			isa = PBXFrameworksBuildPhase;
			buildActionMask = 2147483647;
			files = (
				6F8B4F701ADE91DC00884FF7 /* Venture.framework in Frameworks */,
				03FECB361BCF43FC004A99CB /* Bond.framework in Frameworks */,
			);
			runOnlyForDeploymentPostprocessing = 0;
		};
		6F8B4F5C1ADE91AB00884FF7 /* Frameworks */ = {
			isa = PBXFrameworksBuildPhase;
			buildActionMask = 2147483647;
			files = (
			);
			runOnlyForDeploymentPostprocessing = 0;
		};
/* End PBXFrameworksBuildPhase section */

/* Begin PBXGroup section */
		6F8B4F411ADE91AB00884FF7 = {
			isa = PBXGroup;
			children = (
				6F8B4F4C1ADE91AB00884FF7 /* VentureDemo */,
				6F8B4F621ADE91AB00884FF7 /* VentureDemoTests */,
				6F8B4F711ADE920B00884FF7 /* Frameworks */,
				6F8B4F4B1ADE91AB00884FF7 /* Products */,
			);
			sourceTree = "<group>";
		};
		6F8B4F4B1ADE91AB00884FF7 /* Products */ = {
			isa = PBXGroup;
			children = (
				6F8B4F4A1ADE91AB00884FF7 /* VentureDemo.app */,
				6F8B4F5F1ADE91AB00884FF7 /* VentureDemoTests.xctest */,
			);
			name = Products;
			sourceTree = "<group>";
		};
		6F8B4F4C1ADE91AB00884FF7 /* VentureDemo */ = {
			isa = PBXGroup;
			children = (
				6F8B4F931ADFEEE100884FF7 /* Controllers */,
				6F8B4F531ADE91AB00884FF7 /* Main.storyboard */,
				6F8B4F4D1ADE91AB00884FF7 /* Supporting Files */,
			);
			path = VentureDemo;
			sourceTree = "<group>";
		};
		6F8B4F4D1ADE91AB00884FF7 /* Supporting Files */ = {
			isa = PBXGroup;
			children = (
				6F8B4F561ADE91AB00884FF7 /* Images.xcassets */,
				6F8B4F581ADE91AB00884FF7 /* LaunchScreen.xib */,
				6F8B4F4E1ADE91AB00884FF7 /* Info.plist */,
			);
			name = "Supporting Files";
			sourceTree = "<group>";
		};
		6F8B4F621ADE91AB00884FF7 /* VentureDemoTests */ = {
			isa = PBXGroup;
			children = (
				6F8B4F651ADE91AB00884FF7 /* VentureDemoTests.swift */,
				6F8B4F631ADE91AB00884FF7 /* Supporting Files */,
			);
			path = VentureDemoTests;
			sourceTree = "<group>";
		};
		6F8B4F631ADE91AB00884FF7 /* Supporting Files */ = {
			isa = PBXGroup;
			children = (
				6F8B4F641ADE91AB00884FF7 /* Info.plist */,
			);
			name = "Supporting Files";
			sourceTree = "<group>";
		};
		6F8B4F711ADE920B00884FF7 /* Frameworks */ = {
			isa = PBXGroup;
			children = (
				03FECB351BCF43FC004A99CB /* Bond.framework */,
				6F8B4F6F1ADE91DC00884FF7 /* Venture.framework */,
			);
			name = Frameworks;
			sourceTree = "<group>";
		};
		6F8B4F931ADFEEE100884FF7 /* Controllers */ = {
			isa = PBXGroup;
			children = (
				6F8B4F511ADE91AB00884FF7 /* ViewController.swift */,
				6F8B4F911ADFEEDD00884FF7 /* GameViewController.swift */,
				6F8B4F4F1ADE91AB00884FF7 /* AppDelegate.swift */,
			);
			name = Controllers;
			sourceTree = "<group>";
		};
/* End PBXGroup section */

/* Begin PBXNativeTarget section */
		6F8B4F491ADE91AB00884FF7 /* VentureDemo */ = {
			isa = PBXNativeTarget;
			buildConfigurationList = 6F8B4F691ADE91AB00884FF7 /* Build configuration list for PBXNativeTarget "VentureDemo" */;
			buildPhases = (
				6F8B4F461ADE91AB00884FF7 /* Sources */,
				6F8B4F471ADE91AB00884FF7 /* Frameworks */,
				6F8B4F481ADE91AB00884FF7 /* Resources */,
				03FECB371BCF4402004A99CB /* Copy Carthage Frameworks */,
			);
			buildRules = (
			);
			dependencies = (
			);
			name = VentureDemo;
			productName = VentureDemo;
			productReference = 6F8B4F4A1ADE91AB00884FF7 /* VentureDemo.app */;
			productType = "com.apple.product-type.application";
		};
		6F8B4F5E1ADE91AB00884FF7 /* VentureDemoTests */ = {
			isa = PBXNativeTarget;
			buildConfigurationList = 6F8B4F6C1ADE91AB00884FF7 /* Build configuration list for PBXNativeTarget "VentureDemoTests" */;
			buildPhases = (
				6F8B4F5B1ADE91AB00884FF7 /* Sources */,
				6F8B4F5C1ADE91AB00884FF7 /* Frameworks */,
				6F8B4F5D1ADE91AB00884FF7 /* Resources */,
			);
			buildRules = (
			);
			dependencies = (
				6F8B4F611ADE91AB00884FF7 /* PBXTargetDependency */,
			);
			name = VentureDemoTests;
			productName = VentureDemoTests;
			productReference = 6F8B4F5F1ADE91AB00884FF7 /* VentureDemoTests.xctest */;
			productType = "com.apple.product-type.bundle.unit-test";
		};
/* End PBXNativeTarget section */

/* Begin PBXProject section */
		6F8B4F421ADE91AB00884FF7 /* Project object */ = {
			isa = PBXProject;
			attributes = {
				LastSwiftUpdateCheck = 0710;
				LastUpgradeCheck = 0700;
				ORGANIZATIONNAME = sizeof.io;
				TargetAttributes = {
					6F8B4F491ADE91AB00884FF7 = {
						CreatedOnToolsVersion = 6.3;
					};
					6F8B4F5E1ADE91AB00884FF7 = {
						CreatedOnToolsVersion = 6.3;
						TestTargetID = 6F8B4F491ADE91AB00884FF7;
					};
				};
			};
			buildConfigurationList = 6F8B4F451ADE91AB00884FF7 /* Build configuration list for PBXProject "VentureDemo" */;
			compatibilityVersion = "Xcode 3.2";
			developmentRegion = English;
			hasScannedForEncodings = 0;
			knownRegions = (
				en,
				Base,
			);
			mainGroup = 6F8B4F411ADE91AB00884FF7;
			productRefGroup = 6F8B4F4B1ADE91AB00884FF7 /* Products */;
			projectDirPath = "";
			projectRoot = "";
			targets = (
				6F8B4F491ADE91AB00884FF7 /* VentureDemo */,
				6F8B4F5E1ADE91AB00884FF7 /* VentureDemoTests */,
			);
		};
/* End PBXProject section */

/* Begin PBXResourcesBuildPhase section */
		6F8B4F481ADE91AB00884FF7 /* Resources */ = {
			isa = PBXResourcesBuildPhase;
			buildActionMask = 2147483647;
			files = (
				6F8B4F551ADE91AB00884FF7 /* Main.storyboard in Resources */,
				6F8B4F5A1ADE91AB00884FF7 /* LaunchScreen.xib in Resources */,
				6F8B4F571ADE91AB00884FF7 /* Images.xcassets in Resources */,
			);
			runOnlyForDeploymentPostprocessing = 0;
		};
		6F8B4F5D1ADE91AB00884FF7 /* Resources */ = {
			isa = PBXResourcesBuildPhase;
			buildActionMask = 2147483647;
			files = (
			);
			runOnlyForDeploymentPostprocessing = 0;
		};
/* End PBXResourcesBuildPhase section */

/* Begin PBXShellScriptBuildPhase section */
		03FECB371BCF4402004A99CB /* Copy Carthage Frameworks */ = {
			isa = PBXShellScriptBuildPhase;
			buildActionMask = 2147483647;
			files = (
			);
			inputPaths = (
				"$(SRCROOT)/../Carthage/Build/iOS/Bond.framework",
			);
			name = "Copy Carthage Frameworks";
			outputPaths = (
			);
			runOnlyForDeploymentPostprocessing = 0;
			shellPath = /bin/sh;
			shellScript = "/usr/local/bin/carthage copy-frameworks";
		};
/* End PBXShellScriptBuildPhase section */

/* Begin PBXSourcesBuildPhase section */
		6F8B4F461ADE91AB00884FF7 /* Sources */ = {
			isa = PBXSourcesBuildPhase;
			buildActionMask = 2147483647;
			files = (
				6F8B4F521ADE91AB00884FF7 /* ViewController.swift in Sources */,
				6F8B4F921ADFEEDD00884FF7 /* GameViewController.swift in Sources */,
				6F8B4F501ADE91AB00884FF7 /* AppDelegate.swift in Sources */,
			);
			runOnlyForDeploymentPostprocessing = 0;
		};
		6F8B4F5B1ADE91AB00884FF7 /* Sources */ = {
			isa = PBXSourcesBuildPhase;
			buildActionMask = 2147483647;
			files = (
				6F8B4F661ADE91AB00884FF7 /* VentureDemoTests.swift in Sources */,
			);
			runOnlyForDeploymentPostprocessing = 0;
		};
/* End PBXSourcesBuildPhase section */

/* Begin PBXTargetDependency section */
		6F8B4F611ADE91AB00884FF7 /* PBXTargetDependency */ = {
			isa = PBXTargetDependency;
			target = 6F8B4F491ADE91AB00884FF7 /* VentureDemo */;
			targetProxy = 6F8B4F601ADE91AB00884FF7 /* PBXContainerItemProxy */;
		};
/* End PBXTargetDependency section */

/* Begin PBXVariantGroup section */
		6F8B4F531ADE91AB00884FF7 /* Main.storyboard */ = {
			isa = PBXVariantGroup;
			children = (
				6F8B4F541ADE91AB00884FF7 /* Base */,
			);
			name = Main.storyboard;
			sourceTree = "<group>";
		};
		6F8B4F581ADE91AB00884FF7 /* LaunchScreen.xib */ = {
			isa = PBXVariantGroup;
			children = (
				6F8B4F591ADE91AB00884FF7 /* Base */,
			);
			name = LaunchScreen.xib;
			sourceTree = "<group>";
		};
/* End PBXVariantGroup section */

/* Begin XCBuildConfiguration section */
		6F8B4F671ADE91AB00884FF7 /* Debug */ = {
			isa = XCBuildConfiguration;
			buildSettings = {
				ALWAYS_SEARCH_USER_PATHS = NO;
				CLANG_CXX_LANGUAGE_STANDARD = "gnu++0x";
				CLANG_CXX_LIBRARY = "libc++";
				CLANG_ENABLE_MODULES = YES;
				CLANG_ENABLE_OBJC_ARC = YES;
				CLANG_WARN_BOOL_CONVERSION = YES;
				CLANG_WARN_CONSTANT_CONVERSION = YES;
				CLANG_WARN_DIRECT_OBJC_ISA_USAGE = YES_ERROR;
				CLANG_WARN_EMPTY_BODY = YES;
				CLANG_WARN_ENUM_CONVERSION = YES;
				CLANG_WARN_INT_CONVERSION = YES;
				CLANG_WARN_OBJC_ROOT_CLASS = YES_ERROR;
				CLANG_WARN_UNREACHABLE_CODE = YES;
				CLANG_WARN__DUPLICATE_METHOD_MATCH = YES;
				"CODE_SIGN_IDENTITY[sdk=iphoneos*]" = "iPhone Developer";
				COPY_PHASE_STRIP = NO;
				DEBUG_INFORMATION_FORMAT = "dwarf-with-dsym";
				ENABLE_STRICT_OBJC_MSGSEND = YES;
				ENABLE_TESTABILITY = YES;
				GCC_C_LANGUAGE_STANDARD = gnu99;
				GCC_DYNAMIC_NO_PIC = NO;
				GCC_NO_COMMON_BLOCKS = YES;
				GCC_OPTIMIZATION_LEVEL = 0;
				GCC_PREPROCESSOR_DEFINITIONS = (
					"DEBUG=1",
					"$(inherited)",
				);
				GCC_SYMBOLS_PRIVATE_EXTERN = NO;
				GCC_WARN_64_TO_32_BIT_CONVERSION = YES;
				GCC_WARN_ABOUT_RETURN_TYPE = YES_ERROR;
				GCC_WARN_UNDECLARED_SELECTOR = YES;
				GCC_WARN_UNINITIALIZED_AUTOS = YES_AGGRESSIVE;
				GCC_WARN_UNUSED_FUNCTION = YES;
				GCC_WARN_UNUSED_VARIABLE = YES;
				IPHONEOS_DEPLOYMENT_TARGET = 8.3;
				MTL_ENABLE_DEBUG_INFO = YES;
				ONLY_ACTIVE_ARCH = YES;
				SDKROOT = iphoneos;
				SWIFT_OPTIMIZATION_LEVEL = "-Onone";
			};
			name = Debug;
		};
		6F8B4F681ADE91AB00884FF7 /* Release */ = {
			isa = XCBuildConfiguration;
			buildSettings = {
				ALWAYS_SEARCH_USER_PATHS = NO;
				CLANG_CXX_LANGUAGE_STANDARD = "gnu++0x";
				CLANG_CXX_LIBRARY = "libc++";
				CLANG_ENABLE_MODULES = YES;
				CLANG_ENABLE_OBJC_ARC = YES;
				CLANG_WARN_BOOL_CONVERSION = YES;
				CLANG_WARN_CONSTANT_CONVERSION = YES;
				CLANG_WARN_DIRECT_OBJC_ISA_USAGE = YES_ERROR;
				CLANG_WARN_EMPTY_BODY = YES;
				CLANG_WARN_ENUM_CONVERSION = YES;
				CLANG_WARN_INT_CONVERSION = YES;
				CLANG_WARN_OBJC_ROOT_CLASS = YES_ERROR;
				CLANG_WARN_UNREACHABLE_CODE = YES;
				CLANG_WARN__DUPLICATE_METHOD_MATCH = YES;
				"CODE_SIGN_IDENTITY[sdk=iphoneos*]" = "iPhone Developer";
				COPY_PHASE_STRIP = NO;
				DEBUG_INFORMATION_FORMAT = "dwarf-with-dsym";
				ENABLE_NS_ASSERTIONS = NO;
				ENABLE_STRICT_OBJC_MSGSEND = YES;
				GCC_C_LANGUAGE_STANDARD = gnu99;
				GCC_NO_COMMON_BLOCKS = YES;
				GCC_WARN_64_TO_32_BIT_CONVERSION = YES;
				GCC_WARN_ABOUT_RETURN_TYPE = YES_ERROR;
				GCC_WARN_UNDECLARED_SELECTOR = YES;
				GCC_WARN_UNINITIALIZED_AUTOS = YES_AGGRESSIVE;
				GCC_WARN_UNUSED_FUNCTION = YES;
				GCC_WARN_UNUSED_VARIABLE = YES;
				IPHONEOS_DEPLOYMENT_TARGET = 8.3;
				MTL_ENABLE_DEBUG_INFO = NO;
				SDKROOT = iphoneos;
				VALIDATE_PRODUCT = YES;
			};
			name = Release;
		};
		6F8B4F6A1ADE91AB00884FF7 /* Debug */ = {
			isa = XCBuildConfiguration;
			buildSettings = {
				ASSETCATALOG_COMPILER_APPICON_NAME = AppIcon;
				FRAMEWORK_SEARCH_PATHS = (
					"$(inherited)",
					"$(PROJECT_DIR)/../Carthage/**",
				);
				INFOPLIST_FILE = VentureDemo/Info.plist;
				IPHONEOS_DEPLOYMENT_TARGET = 9.0;
				LD_RUNPATH_SEARCH_PATHS = "$(inherited) @executable_path/Frameworks";
				PRODUCT_BUNDLE_IDENTIFIER = "io.sizeof.$(PRODUCT_NAME:rfc1034identifier)";
				PRODUCT_NAME = "$(TARGET_NAME)";
			};
			name = Debug;
		};
		6F8B4F6B1ADE91AB00884FF7 /* Release */ = {
			isa = XCBuildConfiguration;
			buildSettings = {
				ASSETCATALOG_COMPILER_APPICON_NAME = AppIcon;
				FRAMEWORK_SEARCH_PATHS = (
					"$(inherited)",
					"$(PROJECT_DIR)/../Carthage/**",
				);
				INFOPLIST_FILE = VentureDemo/Info.plist;
				IPHONEOS_DEPLOYMENT_TARGET = 9.0;
				LD_RUNPATH_SEARCH_PATHS = "$(inherited) @executable_path/Frameworks";
				PRODUCT_BUNDLE_IDENTIFIER = "io.sizeof.$(PRODUCT_NAME:rfc1034identifier)";
				PRODUCT_NAME = "$(TARGET_NAME)";
			};
			name = Release;
		};
		6F8B4F6D1ADE91AB00884FF7 /* Debug */ = {
			isa = XCBuildConfiguration;
			buildSettings = {
				BUNDLE_LOADER = "$(TEST_HOST)";
				FRAMEWORK_SEARCH_PATHS = "$(inherited)";
				GCC_PREPROCESSOR_DEFINITIONS = (
					"DEBUG=1",
					"$(inherited)",
				);
				INFOPLIST_FILE = VentureDemoTests/Info.plist;
				LD_RUNPATH_SEARCH_PATHS = "$(inherited) @executable_path/Frameworks @loader_path/Frameworks";
				PRODUCT_BUNDLE_IDENTIFIER = "io.sizeof.$(PRODUCT_NAME:rfc1034identifier)";
				PRODUCT_NAME = "$(TARGET_NAME)";
				TEST_HOST = "$(BUILT_PRODUCTS_DIR)/VentureDemo.app/VentureDemo";
			};
			name = Debug;
		};
		6F8B4F6E1ADE91AB00884FF7 /* Release */ = {
			isa = XCBuildConfiguration;
			buildSettings = {
				BUNDLE_LOADER = "$(TEST_HOST)";
				FRAMEWORK_SEARCH_PATHS = "$(inherited)";
				INFOPLIST_FILE = VentureDemoTests/Info.plist;
				LD_RUNPATH_SEARCH_PATHS = "$(inherited) @executable_path/Frameworks @loader_path/Frameworks";
				PRODUCT_BUNDLE_IDENTIFIER = "io.sizeof.$(PRODUCT_NAME:rfc1034identifier)";
				PRODUCT_NAME = "$(TARGET_NAME)";
				TEST_HOST = "$(BUILT_PRODUCTS_DIR)/VentureDemo.app/VentureDemo";
			};
			name = Release;
		};
/* End XCBuildConfiguration section */

/* Begin XCConfigurationList section */
		6F8B4F451ADE91AB00884FF7 /* Build configuration list for PBXProject "VentureDemo" */ = {
			isa = XCConfigurationList;
			buildConfigurations = (
				6F8B4F671ADE91AB00884FF7 /* Debug */,
				6F8B4F681ADE91AB00884FF7 /* Release */,
			);
			defaultConfigurationIsVisible = 0;
			defaultConfigurationName = Release;
		};
		6F8B4F691ADE91AB00884FF7 /* Build configuration list for PBXNativeTarget "VentureDemo" */ = {
			isa = XCConfigurationList;
			buildConfigurations = (
				6F8B4F6A1ADE91AB00884FF7 /* Debug */,
				6F8B4F6B1ADE91AB00884FF7 /* Release */,
			);
			defaultConfigurationIsVisible = 0;
			defaultConfigurationName = Release;
		};
		6F8B4F6C1ADE91AB00884FF7 /* Build configuration list for PBXNativeTarget "VentureDemoTests" */ = {
			isa = XCConfigurationList;
			buildConfigurations = (
				6F8B4F6D1ADE91AB00884FF7 /* Debug */,
				6F8B4F6E1ADE91AB00884FF7 /* Release */,
			);
			defaultConfigurationIsVisible = 0;
			defaultConfigurationName = Release;
		};
/* End XCConfigurationList section */
	};
	rootObject = 6F8B4F421ADE91AB00884FF7 /* Project object */;
}
